
Microsoft Visual Studio Solution File, Format Version 12.00
# Visual Studio Version 16
VisualStudioVersion = 16.0.31112.23
MinimumVisualStudioVersion = 10.0.40219.1
Project("{9A19103F-16F7-4668-BE54-9A1E7A4F7556}") = "Usuarios-Produtos-API", "api-asp-net-4\Usuarios-Produtos-API.csproj", "{4A1CE3E9-98C9-43D0-A55E-B765E7AF0483}"
EndProject
Global
	GlobalSection(SolutionConfigurationPlatforms) = preSolution
		Debug|Any CPU = Debug|Any CPU
		Release|Any CPU = Release|Any CPU
	EndGlobalSection
	GlobalSection(ProjectConfigurationPlatforms) = postSolution
		{4A1CE3E9-98C9-43D0-A55E-B765E7AF0483}.Debug|Any CPU.ActiveCfg = Debug|Any CPU
		{4A1CE3E9-98C9-43D0-A55E-B765E7AF0483}.Debug|Any CPU.Build.0 = Debug|Any CPU
		{4A1CE3E9-98C9-43D0-A55E-B765E7AF0483}.Release|Any CPU.ActiveCfg = Release|Any CPU
		{4A1CE3E9-98C9-43D0-A55E-B765E7AF0483}.Release|Any CPU.Build.0 = Release|Any CPU
	EndGlobalSection
	GlobalSection(SolutionProperties) = preSolution
		HideSolutionNode = FALSE
	EndGlobalSection
	GlobalSection(ExtensibilityGlobals) = postSolution
		SolutionGuid = {CDCCD4E5-AA12-48ED-87C7-D9456BEDE35C}
	EndGlobalSection
EndGlobal
